
Microsoft Visual Studio Solution File, Format Version 12.00
# Visual Studio 15
Project("{FAE04EC0-301F-11D3-BF4B-00C04F79EFBC}") = "Assembly-CSharp", "Assembly-CSharp.csproj", "{6E3555B7-E095-5280-6A2A-90EAFF1D0F48}"
EndProject
Project("{FAE04EC0-301F-11D3-BF4B-00C04F79EFBC}") = "Fusion.Addressables", "Fusion.Addressables.csproj", "{817BC7E5-FB26-CAD2-6C0C-B2E11C761C8F}"
EndProject
Project("{FAE04EC0-301F-11D3-BF4B-00C04F79EFBC}") = "Unity.Fusion.CodeGen", "Unity.Fusion.CodeGen.csproj", "{CE8B6484-4CB0-9D8A-BF8A-2BC62F297F0C}"
EndProject
Project("{FAE04EC0-301F-11D3-BF4B-00C04F79EFBC}") = "Fusion.Editor", "Fusion.Editor.csproj", "{8C55B7FA-9D2B-582C-8C8A-D5FD6D89CC0C}"
EndProject
Project("{FAE04EC0-301F-11D3-BF4B-00C04F79EFBC}") = "Assembly-CSharp-Editor", "Assembly-CSharp-Editor.csproj", "{B3B34D97-F173-25F7-E34F-F590EAA575B4}"
EndProject
Global
	GlobalSection(SolutionConfigurationPlatforms) = preSolution
		Debug|Any CPU = Debug|Any CPU
		Release|Any CPU = Release|Any CPU
	EndGlobalSection
	GlobalSection(ProjectConfigurationPlatforms) = postSolution
		{6E3555B7-E095-5280-6A2A-90EAFF1D0F48}.Debug|Any CPU.ActiveCfg = Debug|Any CPU
		{6E3555B7-E095-5280-6A2A-90EAFF1D0F48}.Debug|Any CPU.Build.0 = Debug|Any CPU
		{6E3555B7-E095-5280-6A2A-90EAFF1D0F48}.Release|Any CPU.ActiveCfg = Release|Any CPU
		{6E3555B7-E095-5280-6A2A-90EAFF1D0F48}.Release|Any CPU.Build.0 = Release|Any CPU
		{817BC7E5-FB26-CAD2-6C0C-B2E11C761C8F}.Debug|Any CPU.ActiveCfg = Debug|Any CPU
		{817BC7E5-FB26-CAD2-6C0C-B2E11C761C8F}.Debug|Any CPU.Build.0 = Debug|Any CPU
		{817BC7E5-FB26-CAD2-6C0C-B2E11C761C8F}.Release|Any CPU.ActiveCfg = Release|Any CPU
		{817BC7E5-FB26-CAD2-6C0C-B2E11C761C8F}.Release|Any CPU.Build.0 = Release|Any CPU
		{CE8B6484-4CB0-9D8A-BF8A-2BC62F297F0C}.Debug|Any CPU.ActiveCfg = Debug|Any CPU
		{CE8B6484-4CB0-9D8A-BF8A-2BC62F297F0C}.Debug|Any CPU.Build.0 = Debug|Any CPU
		{CE8B6484-4CB0-9D8A-BF8A-2BC62F297F0C}.Release|Any CPU.ActiveCfg = Release|Any CPU
		{CE8B6484-4CB0-9D8A-BF8A-2BC62F297F0C}.Release|Any CPU.Build.0 = Release|Any CPU
		{8C55B7FA-9D2B-582C-8C8A-D5FD6D89CC0C}.Debug|Any CPU.ActiveCfg = Debug|Any CPU
		{8C55B7FA-9D2B-582C-8C8A-D5FD6D89CC0C}.Debug|Any CPU.Build.0 = Debug|Any CPU
		{8C55B7FA-9D2B-582C-8C8A-D5FD6D89CC0C}.Release|Any CPU.ActiveCfg = Release|Any CPU
		{8C55B7FA-9D2B-582C-8C8A-D5FD6D89CC0C}.Release|Any CPU.Build.0 = Release|Any CPU
		{B3B34D97-F173-25F7-E34F-F590EAA575B4}.Debug|Any CPU.ActiveCfg = Debug|Any CPU
		{B3B34D97-F173-25F7-E34F-F590EAA575B4}.Debug|Any CPU.Build.0 = Debug|Any CPU
		{B3B34D97-F173-25F7-E34F-F590EAA575B4}.Release|Any CPU.ActiveCfg = Release|Any CPU
		{B3B34D97-F173-25F7-E34F-F590EAA575B4}.Release|Any CPU.Build.0 = Release|Any CPU
	EndGlobalSection
	GlobalSection(SolutionProperties) = preSolution
		HideSolutionNode = FALSE
	EndGlobalSection
EndGlobal
